Microsoft Visual Studio Solution File, Format Version 12.00
# Visual Studio Version 17
VisualStudioVersion = 17.5.2.0
MinimumVisualStudioVersion = 10.0.40219.1
Project("{FAE04EC0-301F-11D3-BF4B-00C04F79EFBC}") = "ProductLocator.Api", "ProductLocator.Api.csproj", "{B67DE6B0-E2A0-E417-F730-4C6C73A30CC8}"
EndProject
Global
	GlobalSection(SolutionConfigurationPlatforms) = preSolution
		Debug|Any CPU = Debug|Any CPU
		Release|Any CPU = Release|Any CPU
	EndGlobalSection
	GlobalSection(ProjectConfigurationPlatforms) = postSolution
		{B67DE6B0-E2A0-E417-F730-4C6C73A30CC8}.Debug|Any CPU.ActiveCfg = Debug|Any CPU
		{B67DE6B0-E2A0-E417-F730-4C6C73A30CC8}.Debug|Any CPU.Build.0 = Debug|Any CPU
		{B67DE6B0-E2A0-E417-F730-4C6C73A30CC8}.Release|Any CPU.ActiveCfg = Release|Any CPU
		{B67DE6B0-E2A0-E417-F730-4C6C73A30CC8}.Release|Any CPU.Build.0 = Release|Any CPU
	EndGlobalSection
	GlobalSection(SolutionProperties) = preSolution
		HideSolutionNode = FALSE
	EndGlobalSection
	GlobalSection(ExtensibilityGlobals) = postSolution
		Solutionint = {205B5F5D-AAB6-4555-B9E9-A2114ECAB1FB}
	EndGlobalSection
EndGlobal
